
Microsoft Visual Studio Solution File, Format Version 12.00
# Visual Studio Version 17
VisualStudioVersion = 17.3.32825.248
MinimumVisualStudioVersion = 10.0.40219.1
Project("{9A19103F-16F7-4668-BE54-9A1E7A4F7556}") = "NetworkLab6", "NetworkLab6\NetworkLab6.csproj", "{0F60765C-C2F3-4C24-AF71-EC9A5161B28A}"
	ProjectSection(ProjectDependencies) = postProject
		{6E1E6BDB-8BF3-45F9-8816-FE4B4E469092} = {6E1E6BDB-8BF3-45F9-8816-FE4B4E469092}
	EndProjectSection
EndProject
Project("{9A19103F-16F7-4668-BE54-9A1E7A4F7556}") = "ClientForm", "ClientForm\ClientForm.csproj", "{F9CFE1AD-8DA5-4BA6-AA51-16A96FEA4B84}"
	ProjectSection(ProjectDependencies) = postProject
		{6E1E6BDB-8BF3-45F9-8816-FE4B4E469092} = {6E1E6BDB-8BF3-45F9-8816-FE4B4E469092}
	EndProjectSection
EndProject
Project("{FAE04EC0-301F-11D3-BF4B-00C04F79EFBC}") = "Lab6Dependecies", "Lab6Dependecies\Lab6Dependecies.csproj", "{6E1E6BDB-8BF3-45F9-8816-FE4B4E469092}"
EndProject
Global
	GlobalSection(SolutionConfigurationPlatforms) = preSolution
		Debug|Any CPU = Debug|Any CPU
		Release|Any CPU = Release|Any CPU
	EndGlobalSection
	GlobalSection(ProjectConfigurationPlatforms) = postSolution
		{0F60765C-C2F3-4C24-AF71-EC9A5161B28A}.Debug|Any CPU.ActiveCfg = Debug|Any CPU
		{0F60765C-C2F3-4C24-AF71-EC9A5161B28A}.Debug|Any CPU.Build.0 = Debug|Any CPU
		{0F60765C-C2F3-4C24-AF71-EC9A5161B28A}.Release|Any CPU.ActiveCfg = Release|Any CPU
		{0F60765C-C2F3-4C24-AF71-EC9A5161B28A}.Release|Any CPU.Build.0 = Release|Any CPU
		{F9CFE1AD-8DA5-4BA6-AA51-16A96FEA4B84}.Debug|Any CPU.ActiveCfg = Debug|Any CPU
		{F9CFE1AD-8DA5-4BA6-AA51-16A96FEA4B84}.Debug|Any CPU.Build.0 = Debug|Any CPU
		{F9CFE1AD-8DA5-4BA6-AA51-16A96FEA4B84}.Release|Any CPU.ActiveCfg = Release|Any CPU
		{F9CFE1AD-8DA5-4BA6-AA51-16A96FEA4B84}.Release|Any CPU.Build.0 = Release|Any CPU
		{6E1E6BDB-8BF3-45F9-8816-FE4B4E469092}.Debug|Any CPU.ActiveCfg = Debug|Any CPU
		{6E1E6BDB-8BF3-45F9-8816-FE4B4E469092}.Debug|Any CPU.Build.0 = Debug|Any CPU
		{6E1E6BDB-8BF3-45F9-8816-FE4B4E469092}.Release|Any CPU.ActiveCfg = Release|Any CPU
		{6E1E6BDB-8BF3-45F9-8816-FE4B4E469092}.Release|Any CPU.Build.0 = Release|Any CPU
	EndGlobalSection
	GlobalSection(SolutionProperties) = preSolution
		HideSolutionNode = FALSE
	EndGlobalSection
	GlobalSection(ExtensibilityGlobals) = postSolution
		SolutionGuid = {5CCACEB9-BFFA-42C0-99D4-753D8FB2F575}
	EndGlobalSection
EndGlobal
